
Microsoft Visual Studio Solution File, Format Version 12.00
# Visual Studio 15
VisualStudioVersion = 15.0.26730.12
MinimumVisualStudioVersion = 10.0.40219.1
Project("{FAE04EC0-301F-11D3-BF4B-00C04F79EFBC}") = "App10.Android", "App10\App10.Android\App10.Android.csproj", "{08FC0461-7AA8-437E-9DD8-DC782B4C3A43}"
EndProject
Project("{FAE04EC0-301F-11D3-BF4B-00C04F79EFBC}") = "App10", "App10\App10\App10.csproj", "{91758A98-5F38-428D-B405-1F358338B795}"
EndProject
Project("{FAE04EC0-301F-11D3-BF4B-00C04F79EFBC}") = "App10.iOS", "App10\App10.iOS\App10.iOS.csproj", "{A9A0A859-DE7E-4925-B01F-25478B256AD2}"
EndProject
Global
	GlobalSection(SolutionConfigurationPlatforms) = preSolution
		Ad-Hoc|Any CPU = Ad-Hoc|Any CPU
		Ad-Hoc|iPhone = Ad-Hoc|iPhone
		Ad-Hoc|iPhoneSimulator = Ad-Hoc|iPhoneSimulator
		Ad-Hoc|x86 = Ad-Hoc|x86
		AppStore|Any CPU = AppStore|Any CPU
		AppStore|iPhone = AppStore|iPhone
		AppStore|iPhoneSimulator = AppStore|iPhoneSimulator
		AppStore|x86 = AppStore|x86
		Debug|Any CPU = Debug|Any CPU
		Debug|iPhone = Debug|iPhone
		Debug|iPhoneSimulator = Debug|iPhoneSimulator
		Debug|x86 = Debug|x86
		Release|Any CPU = Release|Any CPU
		Release|iPhone = Release|iPhone
		Release|iPhoneSimulator = Release|iPhoneSimulator
		Release|x86 = Release|x86
	EndGlobalSection
	GlobalSection(ProjectConfigurationPlatforms) = postSolution
		{08FC0461-7AA8-437E-9DD8-DC782B4C3A43}.Ad-Hoc|Any CPU.ActiveCfg = Release|Any CPU
		{08FC0461-7AA8-437E-9DD8-DC782B4C3A43}.Ad-Hoc|Any CPU.Build.0 = Release|Any CPU
		{08FC0461-7AA8-437E-9DD8-DC782B4C3A43}.Ad-Hoc|Any CPU.Deploy.0 = Release|Any CPU
		{08FC0461-7AA8-437E-9DD8-DC782B4C3A43}.Ad-Hoc|iPhone.ActiveCfg = Release|Any CPU
		{08FC0461-7AA8-437E-9DD8-DC782B4C3A43}.Ad-Hoc|iPhone.Build.0 = Release|Any CPU
		{08FC0461-7AA8-437E-9DD8-DC782B4C3A43}.Ad-Hoc|iPhone.Deploy.0 = Release|Any CPU
		{08FC0461-7AA8-437E-9DD8-DC782B4C3A43}.Ad-Hoc|iPhoneSimulator.ActiveCfg = Release|Any CPU
		{08FC0461-7AA8-437E-9DD8-DC782B4C3A43}.Ad-Hoc|iPhoneSimulator.Build.0 = Release|Any CPU
		{08FC0461-7AA8-437E-9DD8-DC782B4C3A43}.Ad-Hoc|iPhoneSimulator.Deploy.0 = Release|Any CPU
		{08FC0461-7AA8-437E-9DD8-DC782B4C3A43}.Ad-Hoc|x86.ActiveCfg = Release|x86
		{08FC0461-7AA8-437E-9DD8-DC782B4C3A43}.Ad-Hoc|x86.Build.0 = Release|x86
		{08FC0461-7AA8-437E-9DD8-DC782B4C3A43}.Ad-Hoc|x86.Deploy.0 = Release|x86
		{08FC0461-7AA8-437E-9DD8-DC782B4C3A43}.AppStore|Any CPU.ActiveCfg = Release|Any CPU
		{08FC0461-7AA8-437E-9DD8-DC782B4C3A43}.AppStore|Any CPU.Build.0 = Release|Any CPU
		{08FC0461-7AA8-437E-9DD8-DC782B4C3A43}.AppStore|Any CPU.Deploy.0 = Release|Any CPU
		{08FC0461-7AA8-437E-9DD8-DC782B4C3A43}.AppStore|iPhone.ActiveCfg = Release|Any CPU
		{08FC0461-7AA8-437E-9DD8-DC782B4C3A43}.AppStore|iPhone.Build.0 = Release|Any CPU
		{08FC0461-7AA8-437E-9DD8-DC782B4C3A43}.AppStore|iPhone.Deploy.0 = Release|Any CPU
		{08FC0461-7AA8-437E-9DD8-DC782B4C3A43}.AppStore|iPhoneSimulator.ActiveCfg = Release|Any CPU
		{08FC0461-7AA8-437E-9DD8-DC782B4C3A43}.AppStore|iPhoneSimulator.Build.0 = Release|Any CPU
		{08FC0461-7AA8-437E-9DD8-DC782B4C3A43}.AppStore|iPhoneSimulator.Deploy.0 = Release|Any CPU
		{08FC0461-7AA8-437E-9DD8-DC782B4C3A43}.AppStore|x86.ActiveCfg = Release|x86
		{08FC0461-7AA8-437E-9DD8-DC782B4C3A43}.AppStore|x86.Build.0 = Release|x86
		{08FC0461-7AA8-437E-9DD8-DC782B4C3A43}.AppStore|x86.Deploy.0 = Release|x86
		{08FC0461-7AA8-437E-9DD8-DC782B4C3A43}.Debug|Any CPU.ActiveCfg = Debug|Any CPU
		{08FC0461-7AA8-437E-9DD8-DC782B4C3A43}.Debug|Any CPU.Build.0 = Debug|Any CPU
		{08FC0461-7AA8-437E-9DD8-DC782B4C3A43}.Debug|Any CPU.Deploy.0 = Debug|Any CPU
		{08FC0461-7AA8-437E-9DD8-DC782B4C3A43}.Debug|iPhone.ActiveCfg = Debug|Any CPU
		{08FC0461-7AA8-437E-9DD8-DC782B4C3A43}.Debug|iPhone.Build.0 = Debug|Any CPU
		{08FC0461-7AA8-437E-9DD8-DC782B4C3A43}.Debug|iPhone.Deploy.0 = Debug|Any CPU
		{08FC0461-7AA8-437E-9DD8-DC782B4C3A43}.Debug|iPhoneSimulator.ActiveCfg = Debug|Any CPU
		{08FC0461-7AA8-437E-9DD8-DC782B4C3A43}.Debug|iPhoneSimulator.Build.0 = Debug|Any CPU
		{08FC0461-7AA8-437E-9DD8-DC782B4C3A43}.Debug|iPhoneSimulator.Deploy.0 = Debug|Any CPU
		{08FC0461-7AA8-437E-9DD8-DC782B4C3A43}.Debug|x86.ActiveCfg = Debug|x86
		{08FC0461-7AA8-437E-9DD8-DC782B4C3A43}.Debug|x86.Build.0 = Debug|x86
		{08FC0461-7AA8-437E-9DD8-DC782B4C3A43}.Debug|x86.Deploy.0 = Debug|x86
		{08FC0461-7AA8-437E-9DD8-DC782B4C3A43}.Release|Any CPU.ActiveCfg = Release|Any CPU
		{08FC0461-7AA8-437E-9DD8-DC782B4C3A43}.Release|Any CPU.Build.0 = Release|Any CPU
		{08FC0461-7AA8-437E-9DD8-DC782B4C3A43}.Release|Any CPU.Deploy.0 = Release|Any CPU
		{08FC0461-7AA8-437E-9DD8-DC782B4C3A43}.Release|iPhone.ActiveCfg = Release|Any CPU
		{08FC0461-7AA8-437E-9DD8-DC782B4C3A43}.Release|iPhone.Build.0 = Release|Any CPU
		{08FC0461-7AA8-437E-9DD8-DC782B4C3A43}.Release|iPhone.Deploy.0 = Release|Any CPU
		{08FC0461-7AA8-437E-9DD8-DC782B4C3A43}.Release|iPhoneSimulator.ActiveCfg = Release|Any CPU
		{08FC0461-7AA8-437E-9DD8-DC782B4C3A43}.Release|iPhoneSimulator.Build.0 = Release|Any CPU
		{08FC0461-7AA8-437E-9DD8-DC782B4C3A43}.Release|iPhoneSimulator.Deploy.0 = Release|Any CPU
		{08FC0461-7AA8-437E-9DD8-DC782B4C3A43}.Release|x86.ActiveCfg = Release|x86
		{08FC0461-7AA8-437E-9DD8-DC782B4C3A43}.Release|x86.Build.0 = Release|x86
		{08FC0461-7AA8-437E-9DD8-DC782B4C3A43}.Release|x86.Deploy.0 = Release|x86
		{91758A98-5F38-428D-B405-1F358338B795}.Ad-Hoc|Any CPU.ActiveCfg = Release|Any CPU
		{91758A98-5F38-428D-B405-1F358338B795}.Ad-Hoc|Any CPU.Build.0 = Release|Any CPU
		{91758A98-5F38-428D-B405-1F358338B795}.Ad-Hoc|iPhone.ActiveCfg = Release|Any CPU
		{91758A98-5F38-428D-B405-1F358338B795}.Ad-Hoc|iPhone.Build.0 = Release|Any CPU
		{91758A98-5F38-428D-B405-1F358338B795}.Ad-Hoc|iPhoneSimulator.ActiveCfg = Release|Any CPU
		{91758A98-5F38-428D-B405-1F358338B795}.Ad-Hoc|iPhoneSimulator.Build.0 = Release|Any CPU
		{91758A98-5F38-428D-B405-1F358338B795}.Ad-Hoc|x86.ActiveCfg = Release|Any CPU
		{91758A98-5F38-428D-B405-1F358338B795}.Ad-Hoc|x86.Build.0 = Release|Any CPU
		{91758A98-5F38-428D-B405-1F358338B795}.AppStore|Any CPU.ActiveCfg = Release|Any CPU
		{91758A98-5F38-428D-B405-1F358338B795}.AppStore|Any CPU.Build.0 = Release|Any CPU
		{91758A98-5F38-428D-B405-1F358338B795}.AppStore|iPhone.ActiveCfg = Release|Any CPU
		{91758A98-5F38-428D-B405-1F358338B795}.AppStore|iPhone.Build.0 = Release|Any CPU
		{91758A98-5F38-428D-B405-1F358338B795}.AppStore|iPhoneSimulator.ActiveCfg = Release|Any CPU
		{91758A98-5F38-428D-B405-1F358338B795}.AppStore|iPhoneSimulator.Build.0 = Release|Any CPU
		{91758A98-5F38-428D-B405-1F358338B795}.AppStore|x86.ActiveCfg = Release|Any CPU
		{91758A98-5F38-428D-B405-1F358338B795}.AppStore|x86.Build.0 = Release|Any CPU
		{91758A98-5F38-428D-B405-1F358338B795}.Debug|Any CPU.ActiveCfg = Debug|Any CPU
		{91758A98-5F38-428D-B405-1F358338B795}.Debug|Any CPU.Build.0 = Debug|Any CPU
		{91758A98-5F38-428D-B405-1F358338B795}.Debug|iPhone.ActiveCfg = Debug|Any CPU
		{91758A98-5F38-428D-B405-1F358338B795}.Debug|iPhone.Build.0 = Debug|Any CPU
		{91758A98-5F38-428D-B405-1F358338B795}.Debug|iPhoneSimulator.ActiveCfg = Debug|Any CPU
		{91758A98-5F38-428D-B405-1F358338B795}.Debug|iPhoneSimulator.Build.0 = Debug|Any CPU
		{91758A98-5F38-428D-B405-1F358338B795}.Debug|x86.ActiveCfg = Debug|Any CPU
		{91758A98-5F38-428D-B405-1F358338B795}.Debug|x86.Build.0 = Debug|Any CPU
		{91758A98-5F38-428D-B405-1F358338B795}.Release|Any CPU.ActiveCfg = Release|Any CPU
		{91758A98-5F38-428D-B405-1F358338B795}.Release|Any CPU.Build.0 = Release|Any CPU
		{91758A98-5F38-428D-B405-1F358338B795}.Release|iPhone.ActiveCfg = Release|Any CPU
		{91758A98-5F38-428D-B405-1F358338B795}.Release|iPhone.Build.0 = Release|Any CPU
		{91758A98-5F38-428D-B405-1F358338B795}.Release|iPhoneSimulator.ActiveCfg = Release|Any CPU
		{91758A98-5F38-428D-B405-1F358338B795}.Release|iPhoneSimulator.Build.0 = Release|Any CPU
		{91758A98-5F38-428D-B405-1F358338B795}.Release|x86.ActiveCfg = Release|Any CPU
		{91758A98-5F38-428D-B405-1F358338B795}.Release|x86.Build.0 = Release|Any CPU
		{A9A0A859-DE7E-4925-B01F-25478B256AD2}.Ad-Hoc|Any CPU.ActiveCfg = Ad-Hoc|iPhone
		{A9A0A859-DE7E-4925-B01F-25478B256AD2}.Ad-Hoc|iPhone.ActiveCfg = Ad-Hoc|iPhone
		{A9A0A859-DE7E-4925-B01F-25478B256AD2}.Ad-Hoc|iPhone.Build.0 = Ad-Hoc|iPhone
		{A9A0A859-DE7E-4925-B01F-25478B256AD2}.Ad-Hoc|iPhoneSimulator.ActiveCfg = Ad-Hoc|iPhoneSimulator
		{A9A0A859-DE7E-4925-B01F-25478B256AD2}.Ad-Hoc|iPhoneSimulator.Build.0 = Ad-Hoc|iPhoneSimulator
		{A9A0A859-DE7E-4925-B01F-25478B256AD2}.Ad-Hoc|x86.ActiveCfg = Ad-Hoc|iPhone
		{A9A0A859-DE7E-4925-B01F-25478B256AD2}.AppStore|Any CPU.ActiveCfg = AppStore|iPhone
		{A9A0A859-DE7E-4925-B01F-25478B256AD2}.AppStore|iPhone.ActiveCfg = AppStore|iPhone
		{A9A0A859-DE7E-4925-B01F-25478B256AD2}.AppStore|iPhone.Build.0 = AppStore|iPhone
		{A9A0A859-DE7E-4925-B01F-25478B256AD2}.AppStore|iPhoneSimulator.ActiveCfg = AppStore|iPhoneSimulator
		{A9A0A859-DE7E-4925-B01F-25478B256AD2}.AppStore|iPhoneSimulator.Build.0 = AppStore|iPhoneSimulator
		{A9A0A859-DE7E-4925-B01F-25478B256AD2}.AppStore|x86.ActiveCfg = AppStore|iPhone
		{A9A0A859-DE7E-4925-B01F-25478B256AD2}.Debug|Any CPU.ActiveCfg = Debug|iPhone
		{A9A0A859-DE7E-4925-B01F-25478B256AD2}.Debug|iPhone.ActiveCfg = Debug|iPhone
		{A9A0A859-DE7E-4925-B01F-25478B256AD2}.Debug|iPhone.Build.0 = Debug|iPhone
		{A9A0A859-DE7E-4925-B01F-25478B256AD2}.Debug|iPhoneSimulator.ActiveCfg = Debug|iPhoneSimulator
		{A9A0A859-DE7E-4925-B01F-25478B256AD2}.Debug|iPhoneSimulator.Build.0 = Debug|iPhoneSimulator
		{A9A0A859-DE7E-4925-B01F-25478B256AD2}.Debug|x86.ActiveCfg = Debug|iPhone
		{A9A0A859-DE7E-4925-B01F-25478B256AD2}.Release|Any CPU.ActiveCfg = Release|iPhone
		{A9A0A859-DE7E-4925-B01F-25478B256AD2}.Release|iPhone.ActiveCfg = Release|iPhone
		{A9A0A859-DE7E-4925-B01F-25478B256AD2}.Release|iPhone.Build.0 = Release|iPhone
		{A9A0A859-DE7E-4925-B01F-25478B256AD2}.Release|iPhoneSimulator.ActiveCfg = Release|iPhoneSimulator
		{A9A0A859-DE7E-4925-B01F-25478B256AD2}.Release|iPhoneSimulator.Build.0 = Release|iPhoneSimulator
		{A9A0A859-DE7E-4925-B01F-25478B256AD2}.Release|x86.ActiveCfg = Release|iPhone
	EndGlobalSection
	GlobalSection(SolutionProperties) = preSolution
		HideSolutionNode = FALSE
	EndGlobalSection
	GlobalSection(ExtensibilityGlobals) = postSolution
		SolutionGuid = {12F0BC8A-E7DC-402E-BF9B-A9780265BC91}
	EndGlobalSection
EndGlobal
